
Microsoft Visual Studio Solution File, Format Version 12.00
# Visual Studio 15
VisualStudioVersion = 15.0.28307.645
MinimumVisualStudioVersion = 10.0.40219.1
Project("{FAE04EC0-301F-11D3-BF4B-00C04F79EFBC}") = "WebApplication8", "WebApplication8\WebApplication8.csproj", "{96B0474A-5E27-4A3A-965E-B24ABAF98354}"
EndProject
Global
	GlobalSection(SolutionConfigurationPlatforms) = preSolution
		Debug|Any CPU = Debug|Any CPU
		Release|Any CPU = Release|Any CPU
	EndGlobalSection
	GlobalSection(ProjectConfigurationPlatforms) = postSolution
		{96B0474A-5E27-4A3A-965E-B24ABAF98354}.Debug|Any CPU.ActiveCfg = Debug|Any CPU
		{96B0474A-5E27-4A3A-965E-B24ABAF98354}.Debug|Any CPU.Build.0 = Debug|Any CPU
		{96B0474A-5E27-4A3A-965E-B24ABAF98354}.Release|Any CPU.ActiveCfg = Release|Any CPU
		{96B0474A-5E27-4A3A-965E-B24ABAF98354}.Release|Any CPU.Build.0 = Release|Any CPU
	EndGlobalSection
	GlobalSection(SolutionProperties) = preSolution
		HideSolutionNode = FALSE
	EndGlobalSection
	GlobalSection(ExtensibilityGlobals) = postSolution
		SolutionGuid = {580F092D-443E-45FE-B8F8-8357C3098CB4}
	EndGlobalSection
EndGlobal
